{
  "name": "tmp-scaffold",
  "version": "0.0.1",
  "lockfileVersion": 3,
  "requires": true,
  "packages": {
    "": {
      "name": "tmp-scaffold",
      "version": "0.0.1",
      "dependencies": {
        "@astrojs/react": "^6.0.4",
        "@tailwindcss/vite": "^4.3.3",
        "@types/react": "^19.2.18",
        "@types/react-dom": "^19.2.5",
        "astro": "^7.2.9",
        "motion": "^13.1.1",
        "react": "^19.2.8",
        "react-dom": "^19.2.8",
        "tailwindcss": "^4.3.3"
      },
      "engines": {
        "node": ">=22.12.0"
      }
    },
    "node_modules/@astrojs/compiler-binding": {
      "version": "0.4.0",
      "resolved": "https://registry.npmjs.org/@astrojs/compiler-binding/-/compiler-binding-0.4.0.tgz",
      "integrity": "sha512-x2RjDUuWfwLNtc3mjAdSRInwqh/rqbLar9cm/5FOMbHvmYZB7yfKewzSclAxWjIZsypJDXv1lhaP2WG+P8TK3g==",
      "license": "MIT",
      "engines": {
        "node": "^20.19.0 || >=22.12.0"
      },
      "optionalDependencies": {
        "@astrojs/compiler-binding-darwin-arm64": "0.4.0",
        "@astrojs/compiler-binding-darwin-x64": "0.4.0",
        "@astrojs/compiler-binding-linux-arm64-gnu": "0.4.0",
        "@astrojs/compiler-binding-linux-arm64-musl": "0.4.0",
        "@astrojs/compiler-binding-linux-x64-gnu": "0.4.0",
        "@astrojs/compiler-binding-linux-x64-musl": "0.4.0",
        "@astrojs/compiler-binding-wasm32-wasi": "0.4.0",
        "@astrojs/compiler-binding-win32-arm64-msvc": "0.4.0",
        "@astrojs/compiler-binding-win32-x64-msvc": "0.4.0"
      }
    }